{
  "name": "assets",
  "lockfileVersion": 3,
  "requires": true,
  "packages": {
    "": {
      "dependencies": {
        "vanilla-calendar-pro": "^3.0.5"
      }
    },
    "node_modules/vanilla-calendar-pro": {
      "version": "3.0.5",
      "resolved": "https://registry.npmjs.org/vanilla-calendar-pro/-/vanilla-calendar-pro-3.0.5.tgz",
      "integrity": "sha512-4X9bmTo1/KzbZrB7B6mZXtvVXIhcKxaVSnFZuaVtps7tshKJDxgaIElkgdia6IjB5qWetWuu7kZ+ZaV1sPxy6w==",
      "license": "MIT",
      "funding": {
        "type": "individual",
        "url": "https://buymeacoffee.com/uvarov"
      }
    }
  }
}
